
Microsoft Visual Studio Solution File, Format Version 12.00
# Visual Studio 2012
Project("{FAE04EC0-301F-11D3-BF4B-00C04F79EFBC}") = "service", "ss-mq-test1\service.csproj", "{A23BA55B-54C3-444F-B0BB-62306B473AC3}"
EndProject
Project("{FAE04EC0-301F-11D3-BF4B-00C04F79EFBC}") = "client", "ConsoleApplication1\client.csproj", "{C062B28E-3514-44F6-A9C5-8D263FDA1E54}"
EndProject
Global
	GlobalSection(SolutionConfigurationPlatforms) = preSolution
		Debug|Any CPU = Debug|Any CPU
		Release|Any CPU = Release|Any CPU
	EndGlobalSection
	GlobalSection(ProjectConfigurationPlatforms) = postSolution
		{A23BA55B-54C3-444F-B0BB-62306B473AC3}.Debug|Any CPU.ActiveCfg = Debug|Any CPU
		{A23BA55B-54C3-444F-B0BB-62306B473AC3}.Debug|Any CPU.Build.0 = Debug|Any CPU
		{A23BA55B-54C3-444F-B0BB-62306B473AC3}.Release|Any CPU.ActiveCfg = Release|Any CPU
		{A23BA55B-54C3-444F-B0BB-62306B473AC3}.Release|Any CPU.Build.0 = Release|Any CPU
		{C062B28E-3514-44F6-A9C5-8D263FDA1E54}.Debug|Any CPU.ActiveCfg = Debug|Any CPU
		{C062B28E-3514-44F6-A9C5-8D263FDA1E54}.Debug|Any CPU.Build.0 = Debug|Any CPU
		{C062B28E-3514-44F6-A9C5-8D263FDA1E54}.Release|Any CPU.ActiveCfg = Release|Any CPU
		{C062B28E-3514-44F6-A9C5-8D263FDA1E54}.Release|Any CPU.Build.0 = Release|Any CPU
	EndGlobalSection
	GlobalSection(SolutionProperties) = preSolution
		HideSolutionNode = FALSE
	EndGlobalSection
EndGlobal
